// !$*UTF8*$!
{
	archiveVersion = 1;
	classes = {
	};
	objectVersion = 56;
	objects = {

/* Begin PBXBuildFile section */
		CE15253B2BD840B40037C6B7 /* SplineRuntime in Frameworks */ = {isa = PBXBuildFile; productRef = CE15253A2BD840B40037C6B7 /* SplineRuntime */; };
		CE1525462BE24AC70037C6B7 /* Location.swift in Sources */ = {isa = PBXBuildFile; fileRef = CE1525452BE24AC70037C6B7 /* Location.swift */; };
		CE15254A2BE24C030037C6B7 /* LocationDataService.swift in Sources */ = {isa = PBXBuildFile; fileRef = CE1525492BE24C030037C6B7 /* LocationDataService.swift */; };
		CE15254C2BE24F3D0037C6B7 /* LocationView.swift in Sources */ = {isa = PBXBuildFile; fileRef = CE15254B2BE24F3D0037C6B7 /* LocationView.swift */; };
		CE15254E2BE252490037C6B7 /* LocationViewModel.swift in Sources */ = {isa = PBXBuildFile; fileRef = CE15254D2BE252490037C6B7 /* LocationViewModel.swift */; };
		CE1525502BE25C990037C6B7 /* LocationListView.swift in Sources */ = {isa = PBXBuildFile; fileRef = CE15254F2BE25C990037C6B7 /* LocationListView.swift */; };
		CE1525522BE264550037C6B7 /* LocationPreviewView.swift in Sources */ = {isa = PBXBuildFile; fileRef = CE1525512BE264550037C6B7 /* LocationPreviewView.swift */; };
		CE1525542BE271E80037C6B7 /* LocationMapAnnotationView.swift in Sources */ = {isa = PBXBuildFile; fileRef = CE1525532BE271E80037C6B7 /* LocationMapAnnotationView.swift */; };
		CE1525562BE279200037C6B7 /* LocationDetailView.swift in Sources */ = {isa = PBXBuildFile; fileRef = CE1525552BE279200037C6B7 /* LocationDetailView.swift */; };
		CED3282A2B8D21B700DE3D46 /* Park_FindrApp.swift in Sources */ = {isa = PBXBuildFile; fileRef = CED328292B8D21B700DE3D46 /* Park_FindrApp.swift */; };
		CED3282C2B8D21B700DE3D46 /* ContentView.swift in Sources */ = {isa = PBXBuildFile; fileRef = CED3282B2B8D21B700DE3D46 /* ContentView.swift */; };
		CED3282E2B8D21B800DE3D46 /* Assets.xcassets in Resources */ = {isa = PBXBuildFile; fileRef = CED3282D2B8D21B800DE3D46 /* Assets.xcassets */; };
		CED328312B8D21B800DE3D46 /* Preview Assets.xcassets in Resources */ = {isa = PBXBuildFile; fileRef = CED328302B8D21B800DE3D46 /* Preview Assets.xcassets */; };
		CEEC47142BE2C86E0040B4D6 /* FloorView.swift in Sources */ = {isa = PBXBuildFile; fileRef = CEEC47132BE2C86E0040B4D6 /* FloorView.swift */; };
		CEEC47192BE35D380040B4D6 /* PromiseKit in Frameworks */ = {isa = PBXBuildFile; productRef = CEEC47182BE35D380040B4D6 /* PromiseKit */; };
		CEEC471B2BE366380040B4D6 /* fake_parking_data.csv in Resources */ = {isa = PBXBuildFile; fileRef = CEEC471A2BE366380040B4D6 /* fake_parking_data.csv */; };
		CEEC471D2BE391890040B4D6 /* splashScreenView.swift in Sources */ = {isa = PBXBuildFile; fileRef = CEEC471C2BE391890040B4D6 /* splashScreenView.swift */; };
/* End PBXBuildFile section */

/* Begin PBXFileReference section */
		CE1525452BE24AC70037C6B7 /* Location.swift */ = {isa = PBXFileReference; lastKnownFileType = sourcecode.swift; path = Location.swift; sourceTree = "<group>"; };
		CE1525492BE24C030037C6B7 /* LocationDataService.swift */ = {isa = PBXFileReference; lastKnownFileType = sourcecode.swift; path = LocationDataService.swift; sourceTree = "<group>"; };
		CE15254B2BE24F3D0037C6B7 /* LocationView.swift */ = {isa = PBXFileReference; lastKnownFileType = sourcecode.swift; path = LocationView.swift; sourceTree = "<group>"; };
		CE15254D2BE252490037C6B7 /* LocationViewModel.swift */ = {isa = PBXFileReference; lastKnownFileType = sourcecode.swift; path = LocationViewModel.swift; sourceTree = "<group>"; };
		CE15254F2BE25C990037C6B7 /* LocationListView.swift */ = {isa = PBXFileReference; lastKnownFileType = sourcecode.swift; path = LocationListView.swift; sourceTree = "<group>"; };
		CE1525512BE264550037C6B7 /* LocationPreviewView.swift */ = {isa = PBXFileReference; lastKnownFileType = sourcecode.swift; path = LocationPreviewView.swift; sourceTree = "<group>"; };
		CE1525532BE271E80037C6B7 /* LocationMapAnnotationView.swift */ = {isa = PBXFileReference; lastKnownFileType = sourcecode.swift; path = LocationMapAnnotationView.swift; sourceTree = "<group>"; };
		CE1525552BE279200037C6B7 /* LocationDetailView.swift */ = {isa = PBXFileReference; lastKnownFileType = sourcecode.swift; path = LocationDetailView.swift; sourceTree = "<group>"; };
		CED328262B8D21B700DE3D46 /* Park Findr.app */ = {isa = PBXFileReference; explicitFileType = wrapper.application; includeInIndex = 0; path = "Park Findr.app"; sourceTree = BUILT_PRODUCTS_DIR; };
		CED328292B8D21B700DE3D46 /* Park_FindrApp.swift */ = {isa = PBXFileReference; lastKnownFileType = sourcecode.swift; path = Park_FindrApp.swift; sourceTree = "<group>"; };
		CED3282B2B8D21B700DE3D46 /* ContentView.swift */ = {isa = PBXFileReference; lastKnownFileType = sourcecode.swift; path = ContentView.swift; sourceTree = "<group>"; };
		CED3282D2B8D21B800DE3D46 /* Assets.xcassets */ = {isa = PBXFileReference; lastKnownFileType = folder.assetcatalog; path = Assets.xcassets; sourceTree = "<group>"; };
		CED328302B8D21B800DE3D46 /* Preview Assets.xcassets */ = {isa = PBXFileReference; lastKnownFileType = folder.assetcatalog; path = "Preview Assets.xcassets"; sourceTree = "<group>"; };
		CEEC47132BE2C86E0040B4D6 /* FloorView.swift */ = {isa = PBXFileReference; lastKnownFileType = sourcecode.swift; path = FloorView.swift; sourceTree = "<group>"; };
		CEEC471A2BE366380040B4D6 /* fake_parking_data.csv */ = {isa = PBXFileReference; fileEncoding = 4; lastKnownFileType = text; path = fake_parking_data.csv; sourceTree = "<group>"; };
		CEEC471C2BE391890040B4D6 /* splashScreenView.swift */ = {isa = PBXFileReference; lastKnownFileType = sourcecode.swift; path = splashScreenView.swift; sourceTree = "<group>"; };
/* End PBXFileReference section */

/* Begin PBXFrameworksBuildPhase section */
		CED328232B8D21B700DE3D46 /* Frameworks */ = {
			isa = PBXFrameworksBuildPhase;
			buildActionMask = 2147483647;
			files = (
				CE15253B2BD840B40037C6B7 /* SplineRuntime in Frameworks */,
				CEEC47192BE35D380040B4D6 /* PromiseKit in Frameworks */,
			);
			runOnlyForDeploymentPostprocessing = 0;
		};
/* End PBXFrameworksBuildPhase section */

/* Begin PBXGroup section */
		CE1525422BE24A740037C6B7 /* Models */ = {
			isa = PBXGroup;
			children = (
				CE1525452BE24AC70037C6B7 /* Location.swift */,
			);
			path = Models;
			sourceTree = "<group>";
		};
		CE1525432BE24A7D0037C6B7 /* Views */ = {
			isa = PBXGroup;
			children = (
				CE15254B2BE24F3D0037C6B7 /* LocationView.swift */,
				CE15254F2BE25C990037C6B7 /* LocationListView.swift */,
				CE1525512BE264550037C6B7 /* LocationPreviewView.swift */,
				CE1525532BE271E80037C6B7 /* LocationMapAnnotationView.swift */,
				CE1525552BE279200037C6B7 /* LocationDetailView.swift */,
				CEEC47132BE2C86E0040B4D6 /* FloorView.swift */,
				CEEC471C2BE391890040B4D6 /* splashScreenView.swift */,
			);
			path = Views;
			sourceTree = "<group>";
		};
		CE1525442BE24A860037C6B7 /* ViewModels */ = {
			isa = PBXGroup;
			children = (
				CE15254D2BE252490037C6B7 /* LocationViewModel.swift */,
			);
			path = ViewModels;
			sourceTree = "<group>";
		};
		CE1525482BE24B410037C6B7 /* DataServices */ = {
			isa = PBXGroup;
			children = (
				CE1525492BE24C030037C6B7 /* LocationDataService.swift */,
			);
			path = DataServices;
			sourceTree = "<group>";
		};
		CED3281D2B8D21B700DE3D46 = {
			isa = PBXGroup;
			children = (
				CED328282B8D21B700DE3D46 /* Park Findr */,
				CED328272B8D21B700DE3D46 /* Products */,
			);
			sourceTree = "<group>";
		};
		CED328272B8D21B700DE3D46 /* Products */ = {
			isa = PBXGroup;
			children = (
				CED328262B8D21B700DE3D46 /* Park Findr.app */,
			);
			name = Products;
			sourceTree = "<group>";
		};
		CED328282B8D21B700DE3D46 /* Park Findr */ = {
			isa = PBXGroup;
			children = (
				CED328292B8D21B700DE3D46 /* Park_FindrApp.swift */,
				CED3282B2B8D21B700DE3D46 /* ContentView.swift */,
				CE1525482BE24B410037C6B7 /* DataServices */,
				CE1525432BE24A7D0037C6B7 /* Views */,
				CE1525442BE24A860037C6B7 /* ViewModels */,
				CE1525422BE24A740037C6B7 /* Models */,
				CED3282D2B8D21B800DE3D46 /* Assets.xcassets */,
				CEEC471A2BE366380040B4D6 /* fake_parking_data.csv */,
				CED3282F2B8D21B800DE3D46 /* Preview Content */,
			);
			path = "Park Findr";
			sourceTree = "<group>";
		};
		CED3282F2B8D21B800DE3D46 /* Preview Content */ = {
			isa = PBXGroup;
			children = (
				CED328302B8D21B800DE3D46 /* Preview Assets.xcassets */,
			);
			path = "Preview Content";
			sourceTree = "<group>";
		};
/* End PBXGroup section */

/* Begin PBXNativeTarget section */
		CED328252B8D21B700DE3D46 /* Park Findr */ = {
			isa = PBXNativeTarget;
			buildConfigurationList = CED328342B8D21B800DE3D46 /* Build configuration list for PBXNativeTarget "Park Findr" */;
			buildPhases = (
				CED328222B8D21B700DE3D46 /* Sources */,
				CED328232B8D21B700DE3D46 /* Frameworks */,
				CED328242B8D21B700DE3D46 /* Resources */,
			);
			buildRules = (
			);
			dependencies = (
			);
			name = "Park Findr";
			packageProductDependencies = (
				CE15253A2BD840B40037C6B7 /* SplineRuntime */,
				CEEC47182BE35D380040B4D6 /* PromiseKit */,
			);
			productName = "Park Findr";
			productReference = CED328262B8D21B700DE3D46 /* Park Findr.app */;
			productType = "com.apple.product-type.application";
		};
/* End PBXNativeTarget section */

/* Begin PBXProject section */
		CED3281E2B8D21B700DE3D46 /* Project object */ = {
			isa = PBXProject;
			attributes = {
				BuildIndependentTargetsInParallel = 1;
				LastSwiftUpdateCheck = 1520;
				LastUpgradeCheck = 1520;
				TargetAttributes = {
					CED328252B8D21B700DE3D46 = {
						CreatedOnToolsVersion = 15.2;
					};
				};
			};
			buildConfigurationList = CED328212B8D21B700DE3D46 /* Build configuration list for PBXProject "Park Findr" */;
			compatibilityVersion = "Xcode 14.0";
			developmentRegion = en;
			hasScannedForEncodings = 0;
			knownRegions = (
				en,
				Base,
			);
			mainGroup = CED3281D2B8D21B700DE3D46;
			packageReferences = (
				CE1525392BD840B40037C6B7 /* XCRemoteSwiftPackageReference "spline-ios" */,
				CEEC47172BE35D380040B4D6 /* XCRemoteSwiftPackageReference "PromiseKit" */,
			);
			productRefGroup = CED328272B8D21B700DE3D46 /* Products */;
			projectDirPath = "";
			projectRoot = "";
			targets = (
				CED328252B8D21B700DE3D46 /* Park Findr */,
			);
		};
/* End PBXProject section */

/* Begin PBXResourcesBuildPhase section */
		CED328242B8D21B700DE3D46 /* Resources */ = {
			isa = PBXResourcesBuildPhase;
			buildActionMask = 2147483647;
			files = (
				CED328312B8D21B800DE3D46 /* Preview Assets.xcassets in Resources */,
				CEEC471B2BE366380040B4D6 /* fake_parking_data.csv in Resources */,
				CED3282E2B8D21B800DE3D46 /* Assets.xcassets in Resources */,
			);
			runOnlyForDeploymentPostprocessing = 0;
		};
/* End PBXResourcesBuildPhase section */

/* Begin PBXSourcesBuildPhase section */
		CED328222B8D21B700DE3D46 /* Sources */ = {
			isa = PBXSourcesBuildPhase;
			buildActionMask = 2147483647;
			files = (
				CE15254A2BE24C030037C6B7 /* LocationDataService.swift in Sources */,
				CED3282C2B8D21B700DE3D46 /* ContentView.swift in Sources */,
				CE15254E2BE252490037C6B7 /* LocationViewModel.swift in Sources */,
				CEEC471D2BE391890040B4D6 /* splashScreenView.swift in Sources */,
				CED3282A2B8D21B700DE3D46 /* Park_FindrApp.swift in Sources */,
				CEEC47142BE2C86E0040B4D6 /* FloorView.swift in Sources */,
				CE1525542BE271E80037C6B7 /* LocationMapAnnotationView.swift in Sources */,
				CE1525502BE25C990037C6B7 /* LocationListView.swift in Sources */,
				CE1525562BE279200037C6B7 /* LocationDetailView.swift in Sources */,
				CE15254C2BE24F3D0037C6B7 /* LocationView.swift in Sources */,
				CE1525522BE264550037C6B7 /* LocationPreviewView.swift in Sources */,
				CE1525462BE24AC70037C6B7 /* Location.swift in Sources */,
			);
			runOnlyForDeploymentPostprocessing = 0;
		};
/* End PBXSourcesBuildPhase section */

/* Begin XCBuildConfiguration section */
		CED328322B8D21B800DE3D46 /* Debug */ = {
			isa = XCBuildConfiguration;
			buildSettings = {
				ALWAYS_SEARCH_USER_PATHS = NO;
				ASSETCATALOG_COMPILER_GENERATE_SWIFT_ASSET_SYMBOL_EXTENSIONS = YES;
				CLANG_ANALYZER_NONNULL = YES;
				CLANG_ANALYZER_NUMBER_OBJECT_CONVERSION = YES_AGGRESSIVE;
				CLANG_CXX_LANGUAGE_STANDARD = "gnu++20";
				CLANG_ENABLE_MODULES = YES;
				CLANG_ENABLE_OBJC_ARC = YES;
				CLANG_ENABLE_OBJC_WEAK = YES;
				CLANG_WARN_BLOCK_CAPTURE_AUTORELEASING = YES;
				CLANG_WARN_BOOL_CONVERSION = YES;
				CLANG_WARN_COMMA = YES;
				CLANG_WARN_CONSTANT_CONVERSION = YES;
				CLANG_WARN_DEPRECATED_OBJC_IMPLEMENTATIONS = YES;
				CLANG_WARN_DIRECT_OBJC_ISA_USAGE = YES_ERROR;
				CLANG_WARN_DOCUMENTATION_COMMENTS = YES;
				CLANG_WARN_EMPTY_BODY = YES;
				CLANG_WARN_ENUM_CONVERSION = YES;
				CLANG_WARN_INFINITE_RECURSION = YES;
				CLANG_WARN_INT_CONVERSION = YES;
				CLANG_WARN_NON_LITERAL_NULL_CONVERSION = YES;
				CLANG_WARN_OBJC_IMPLICIT_RETAIN_SELF = YES;
				CLANG_WARN_OBJC_LITERAL_CONVERSION = YES;
				CLANG_WARN_OBJC_ROOT_CLASS = YES_ERROR;
				CLANG_WARN_QUOTED_INCLUDE_IN_FRAMEWORK_HEADER = YES;
				CLANG_WARN_RANGE_LOOP_ANALYSIS = YES;
				CLANG_WARN_STRICT_PROTOTYPES = YES;
				CLANG_WARN_SUSPICIOUS_MOVE = YES;
				CLANG_WARN_UNGUARDED_AVAILABILITY = YES_AGGRESSIVE;
				CLANG_WARN_UNREACHABLE_CODE = YES;
				CLANG_WARN__DUPLICATE_METHOD_MATCH = YES;
				COPY_PHASE_STRIP = NO;
				DEBUG_INFORMATION_FORMAT = dwarf;
				ENABLE_STRICT_OBJC_MSGSEND = YES;
				ENABLE_TESTABILITY = YES;
				ENABLE_USER_SCRIPT_SANDBOXING = YES;
				GCC_C_LANGUAGE_STANDARD = gnu17;
				GCC_DYNAMIC_NO_PIC = NO;
				GCC_NO_COMMON_BLOCKS = YES;
				GCC_OPTIMIZATION_LEVEL = 0;
				GCC_PREPROCESSOR_DEFINITIONS = (
					"DEBUG=1",
					"$(inherited)",
				);
				GCC_WARN_64_TO_32_BIT_CONVERSION = YES;
				GCC_WARN_ABOUT_RETURN_TYPE = YES_ERROR;
				GCC_WARN_UNDECLARED_SELECTOR = YES;
				GCC_WARN_UNINITIALIZED_AUTOS = YES_AGGRESSIVE;
				GCC_WARN_UNUSED_FUNCTION = YES;
				GCC_WARN_UNUSED_VARIABLE = YES;
				IPHONEOS_DEPLOYMENT_TARGET = 17.2;
				LOCALIZATION_PREFERS_STRING_CATALOGS = YES;
				MTL_ENABLE_DEBUG_INFO = INCLUDE_SOURCE;
				MTL_FAST_MATH = YES;
				ONLY_ACTIVE_ARCH = YES;
				SDKROOT = iphoneos;
				SWIFT_ACTIVE_COMPILATION_CONDITIONS = "DEBUG $(inherited)";
				SWIFT_OPTIMIZATION_LEVEL = "-Onone";
			};
			name = Debug;
		};
		CED328332B8D21B800DE3D46 /* Release */ = {
			isa = XCBuildConfiguration;
			buildSettings = {
				ALWAYS_SEARCH_USER_PATHS = NO;
				ASSETCATALOG_COMPILER_GENERATE_SWIFT_ASSET_SYMBOL_EXTENSIONS = YES;
				CLANG_ANALYZER_NONNULL = YES;
				CLANG_ANALYZER_NUMBER_OBJECT_CONVERSION = YES_AGGRESSIVE;
				CLANG_CXX_LANGUAGE_STANDARD = "gnu++20";
				CLANG_ENABLE_MODULES = YES;
				CLANG_ENABLE_OBJC_ARC = YES;
				CLANG_ENABLE_OBJC_WEAK = YES;
				CLANG_WARN_BLOCK_CAPTURE_AUTORELEASING = YES;
				CLANG_WARN_BOOL_CONVERSION = YES;
				CLANG_WARN_COMMA = YES;
				CLANG_WARN_CONSTANT_CONVERSION = YES;
				CLANG_WARN_DEPRECATED_OBJC_IMPLEMENTATIONS = YES;
				CLANG_WARN_DIRECT_OBJC_ISA_USAGE = YES_ERROR;
				CLANG_WARN_DOCUMENTATION_COMMENTS = YES;
				CLANG_WARN_EMPTY_BODY = YES;
				CLANG_WARN_ENUM_CONVERSION = YES;
				CLANG_WARN_INFINITE_RECURSION = YES;
				CLANG_WARN_INT_CONVERSION = YES;
				CLANG_WARN_NON_LITERAL_NULL_CONVERSION = YES;
				CLANG_WARN_OBJC_IMPLICIT_RETAIN_SELF = YES;
				CLANG_WARN_OBJC_LITERAL_CONVERSION = YES;
				CLANG_WARN_OBJC_ROOT_CLASS = YES_ERROR;
				CLANG_WARN_QUOTED_INCLUDE_IN_FRAMEWORK_HEADER = YES;
				CLANG_WARN_RANGE_LOOP_ANALYSIS = YES;
				CLANG_WARN_STRICT_PROTOTYPES = YES;
				CLANG_WARN_SUSPICIOUS_MOVE = YES;
				CLANG_WARN_UNGUARDED_AVAILABILITY = YES_AGGRESSIVE;
				CLANG_WARN_UNREACHABLE_CODE = YES;
				CLANG_WARN__DUPLICATE_METHOD_MATCH = YES;
				COPY_PHASE_STRIP = NO;
				DEBUG_INFORMATION_FORMAT = "dwarf-with-dsym";
				ENABLE_NS_ASSERTIONS = NO;
				ENABLE_STRICT_OBJC_MSGSEND = YES;
				ENABLE_USER_SCRIPT_SANDBOXING = YES;
				GCC_C_LANGUAGE_STANDARD = gnu17;
				GCC_NO_COMMON_BLOCKS = YES;
				GCC_WARN_64_TO_32_BIT_CONVERSION = YES;
				GCC_WARN_ABOUT_RETURN_TYPE = YES_ERROR;
				GCC_WARN_UNDECLARED_SELECTOR = YES;
				GCC_WARN_UNINITIALIZED_AUTOS = YES_AGGRESSIVE;
				GCC_WARN_UNUSED_FUNCTION = YES;
				GCC_WARN_UNUSED_VARIABLE = YES;
				IPHONEOS_DEPLOYMENT_TARGET = 17.2;
				LOCALIZATION_PREFERS_STRING_CATALOGS = YES;
				MTL_ENABLE_DEBUG_INFO = NO;
				MTL_FAST_MATH = YES;
				SDKROOT = iphoneos;
				SWIFT_COMPILATION_MODE = wholemodule;
				VALIDATE_PRODUCT = YES;
			};
			name = Release;
		};
		CED328352B8D21B800DE3D46 /* Debug */ = {
			isa = XCBuildConfiguration;
			buildSettings = {
				ASSETCATALOG_COMPILER_APPICON_NAME = AppIcon;
				ASSETCATALOG_COMPILER_GLOBAL_ACCENT_COLOR_NAME = AccentColor;
				CODE_SIGN_STYLE = Automatic;
				CURRENT_PROJECT_VERSION = 1;
				DEVELOPMENT_ASSET_PATHS = "\"Park Findr/Preview Content\"";
				ENABLE_PREVIEWS = YES;
				GENERATE_INFOPLIST_FILE = YES;
				INFOPLIST_KEY_UIApplicationSceneManifest_Generation = YES;
				INFOPLIST_KEY_UIApplicationSupportsIndirectInputEvents = YES;
				INFOPLIST_KEY_UILaunchScreen_Generation = YES;
				INFOPLIST_KEY_UISupportedInterfaceOrientations_iPad = "UIInterfaceOrientationPortrait UIInterfaceOrientationPortraitUpsideDown UIInterfaceOrientationLandscapeLeft UIInterfaceOrientationLandscapeRight";
				INFOPLIST_KEY_UISupportedInterfaceOrientations_iPhone = "UIInterfaceOrientationPortrait UIInterfaceOrientationLandscapeLeft UIInterfaceOrientationLandscapeRight";
				LD_RUNPATH_SEARCH_PATHS = (
					"$(inherited)",
					"@executable_path/Frameworks",
				);
				MARKETING_VERSION = 1.0;
				PRODUCT_BUNDLE_IDENTIFIER = "com.hocnguyen.Park-Findr";
				PRODUCT_NAME = "$(TARGET_NAME)";
				SWIFT_EMIT_LOC_STRINGS = YES;
				SWIFT_VERSION = 5.0;
				TARGETED_DEVICE_FAMILY = "1,2";
			};
			name = Debug;
		};
		CED328362B8D21B800DE3D46 /* Release */ = {
			isa = XCBuildConfiguration;
			buildSettings = {
				ASSETCATALOG_COMPILER_APPICON_NAME = AppIcon;
				ASSETCATALOG_COMPILER_GLOBAL_ACCENT_COLOR_NAME = AccentColor;
				CODE_SIGN_STYLE = Automatic;
				CURRENT_PROJECT_VERSION = 1;
				DEVELOPMENT_ASSET_PATHS = "\"Park Findr/Preview Content\"";
				ENABLE_PREVIEWS = YES;
				GENERATE_INFOPLIST_FILE = YES;
				INFOPLIST_KEY_UIApplicationSceneManifest_Generation = YES;
				INFOPLIST_KEY_UIApplicationSupportsIndirectInputEvents = YES;
				INFOPLIST_KEY_UILaunchScreen_Generation = YES;
				INFOPLIST_KEY_UISupportedInterfaceOrientations_iPad = "UIInterfaceOrientationPortrait UIInterfaceOrientationPortraitUpsideDown UIInterfaceOrientationLandscapeLeft UIInterfaceOrientationLandscapeRight";
				INFOPLIST_KEY_UISupportedInterfaceOrientations_iPhone = "UIInterfaceOrientationPortrait UIInterfaceOrientationLandscapeLeft UIInterfaceOrientationLandscapeRight";
				LD_RUNPATH_SEARCH_PATHS = (
					"$(inherited)",
					"@executable_path/Frameworks",
				);
				MARKETING_VERSION = 1.0;
				PRODUCT_BUNDLE_IDENTIFIER = "com.hocnguyen.Park-Findr";
				PRODUCT_NAME = "$(TARGET_NAME)";
				SWIFT_EMIT_LOC_STRINGS = YES;
				SWIFT_VERSION = 5.0;
				TARGETED_DEVICE_FAMILY = "1,2";
			};
			name = Release;
		};
/* End XCBuildConfiguration section */

/* Begin XCConfigurationList section */
		CED328212B8D21B700DE3D46 /* Build configuration list for PBXProject "Park Findr" */ = {
			isa = XCConfigurationList;
			buildConfigurations = (
				CED328322B8D21B800DE3D46 /* Debug */,
				CED328332B8D21B800DE3D46 /* Release */,
			);
			defaultConfigurationIsVisible = 0;
			defaultConfigurationName = Release;
		};
		CED328342B8D21B800DE3D46 /* Build configuration list for PBXNativeTarget "Park Findr" */ = {
			isa = XCConfigurationList;
			buildConfigurations = (
				CED328352B8D21B800DE3D46 /* Debug */,
				CED328362B8D21B800DE3D46 /* Release */,
			);
			defaultConfigurationIsVisible = 0;
			defaultConfigurationName = Release;
		};
/* End XCConfigurationList section */

/* Begin XCRemoteSwiftPackageReference section */
		CE1525392BD840B40037C6B7 /* XCRemoteSwiftPackageReference "spline-ios" */ = {
			isa = XCRemoteSwiftPackageReference;
			repositoryURL = "https://github.com/splinetool/spline-ios";
			requirement = {
				branch = main;
				kind = branch;
			};
		};
		CEEC47172BE35D380040B4D6 /* XCRemoteSwiftPackageReference "PromiseKit" */ = {
			isa = XCRemoteSwiftPackageReference;
			repositoryURL = "https://github.com/mxcl/PromiseKit.git";
			requirement = {
				kind = upToNextMajorVersion;
				minimumVersion = 8.1.1;
			};
		};
/* End XCRemoteSwiftPackageReference section */

/* Begin XCSwiftPackageProductDependency section */
		CE15253A2BD840B40037C6B7 /* SplineRuntime */ = {
			isa = XCSwiftPackageProductDependency;
			package = CE1525392BD840B40037C6B7 /* XCRemoteSwiftPackageReference "spline-ios" */;
			productName = SplineRuntime;
		};
		CEEC47182BE35D380040B4D6 /* PromiseKit */ = {
			isa = XCSwiftPackageProductDependency;
			package = CEEC47172BE35D380040B4D6 /* XCRemoteSwiftPackageReference "PromiseKit" */;
			productName = PromiseKit;
		};
/* End XCSwiftPackageProductDependency section */
	};
	rootObject = CED3281E2B8D21B700DE3D46 /* Project object */;
}
